<?xml version="1.0" encoding="utf-8"?>
<Project ToolsVersion="4.0" xmlns="http://schemas.microsoft.com/developer/msbuild/2003">
  <ItemGroup>
    <Filter Include="Source Files">
      <UniqueIdentifier>{4FC737F1-C7A5-4376-A066-2A32D752A2FF}</UniqueIdentifier>
      <Extensions>cpp;c;cc;cxx;def;odl;idl;hpj;bat;asm;asmx</Extensions>
    </Filter>
    <Filter Include="Resource Files">
      <UniqueIdentifier>{67DA6AB6-F800-4c08-8B7A-83BB121AAD01}</UniqueIdentifier>
      <Extensions>rc;ico;cur;bmp;dlg;rc2;rct;bin;rgs;gif;jpg;jpeg;jpe;resx;tiff;tif;png;wav;mfcribbon-ms</Extensions>
    </Filter>
    <Filter Include="Shaders">
      <UniqueIdentifier>{5064f50b-4999-44af-bf58-1f151088d2e8}</UniqueIdentifier>
    </Filter>
    <Filter Include="Common">
      <UniqueIdentifier>{fca99640-0bd6-452e-a953-ca07361fbb3a}</UniqueIdentifier>
    </Filter>
    <Filter Include="ECS">
      <UniqueIdentifier>{1b04ff59-0acb-416e-b5b2-e0150610010e}</UniqueIdentifier>
    </Filter>
    <Filter Include="IMGUI">
      <UniqueIdentifier>{72a4a3b7-340c-4be4-84ad-6581fed1f0ab}</UniqueIdentifier>
    </Filter>
    <Filter Include="IMGUI\Custom">
      <UniqueIdentifier>{d2ef96c3-d5d3-44ff-9d9f-50dba216d937}</UniqueIdentifier>
    </Filter>
    <Filter Include="IMGUI\ect">
      <UniqueIdentifier>{a346a4b9-15b3-4efe-b269-252250d0ebf1}</UniqueIdentifier>
    </Filter>
    <Filter Include="Struct">
      <UniqueIdentifier>{93995380-89BD-4b04-88EB-625FBE52EBFB}</UniqueIdentifier>
      <Extensions>h;hh;hpp;hxx;hm;inl;inc;xsd</Extensions>
    </Filter>
    <Filter Include="Memory">
      <UniqueIdentifier>{4f2ddb51-04d9-44dd-917f-41636356b474}</UniqueIdentifier>
    </Filter>
    <Filter Include="FileIO">
      <UniqueIdentifier>{3ef5034e-d8c0-452c-a601-19b3b4633737}</UniqueIdentifier>
    </Filter>
    <Filter Include="Systems">
      <UniqueIdentifier>{1e411239-71a6-417d-9be7-bf60523b500e}</UniqueIdentifier>
    </Filter>
    <Filter Include="Engine">
      <UniqueIdentifier>{9ddafb42-0046-4550-9d34-d23669746869}</UniqueIdentifier>
    </Filter>
    <Filter Include="Managers">
      <UniqueIdentifier>{ddf3748e-4d44-4cdb-bf4c-2e0e15dcd440}</UniqueIdentifier>
    </Filter>
  </ItemGroup>
  <ItemGroup>
    <None Include="packages.config" />
  </ItemGroup>
  <ItemGroup>
    <ClCompile Include="InitDirect3DApp.cpp">
      <Filter>Source Files</Filter>
    </ClCompile>
    <ClCompile Include="Codes\Common\Camera.cpp">
      <Filter>Common</Filter>
    </ClCompile>
    <ClCompile Include="Codes\Common\d3dApp.cpp">
      <Filter>Common</Filter>
    </ClCompile>
    <ClCompile Include="Codes\Common\d3dUtil.cpp">
      <Filter>Common</Filter>
    </ClCompile>
    <ClCompile Include="Codes\Common\DDSTextureLoader.cpp">
      <Filter>Common</Filter>
    </ClCompile>
    <ClCompile Include="Codes\Common\GameTimer.cpp">
      <Filter>Common</Filter>
    </ClCompile>
    <ClCompile Include="Codes\Common\GeometryGenerator.cpp">
      <Filter>Common</Filter>
    </ClCompile>
    <ClCompile Include="Codes\Common\MathHelper.cpp">
      <Filter>Common</Filter>
    </ClCompile>
    <ClCompile Include="Codes\Managers\ImGuiManager.cpp">
      <Filter>Managers</Filter>
    </ClCompile>
    <ClCompile Include="Codes\Managers\SceneViewport.cpp">
      <Filter>Managers</Filter>
    </ClCompile>
    <ClCompile Include="Codes\Managers\MeshManager.cpp">
      <Filter>Managers</Filter>
    </ClCompile>
    <ClCompile Include="Codes\Managers\PipelineStateManager.cpp">
      <Filter>Managers</Filter>
    </ClCompile>
    <ClCompile Include="Codes\Managers\RootSignatureManager.cpp">
      <Filter>Managers</Filter>
    </ClCompile>
    <ClCompile Include="Codes\Managers\MaterialManager.cpp">
      <Filter>Managers</Filter>
    </ClCompile>
    <ClCompile Include="Codes\Memory\DescriptorAllocator.cpp">
      <Filter>Memory</Filter>
    </ClCompile>
    <ClCompile Include="Codes\File_IO\ResourceLoader.cpp">
      <Filter>FileIO</Filter>
    </ClCompile>
    <ClCompile Include="Codes\File_IO\SceneSerializer.cpp">
      <Filter>FileIO</Filter>
    </ClCompile>
    <ClCompile Include="Codes\Managers\ShaderManager.cpp">
      <Filter>Managers</Filter>
    </ClCompile>
    <ClCompile Include="Codes\Systems\RenderSystem.cpp">
      <Filter>Systems</Filter>
    </ClCompile>
    <ClCompile Include="Codes\Systems\BoundsSystem.cpp">
      <Filter>Systems</Filter>
    </ClCompile>
    <ClCompile Include="Codes\Systems\GravitySystem.cpp">
      <Filter>Systems</Filter>
    </ClCompile>
    <ClCompile Include="Codes\Systems\CollisionSystem.cpp">
      <Filter>Systems</Filter>
    </ClCompile>
    <ClCompile Include="Codes\Engine\Engine.cpp">
      <Filter>Engine</Filter>
    </ClCompile>
    <ClCompile Include="Codes\Managers\ResourceManager.cpp">
      <Filter>Managers</Filter>
    </ClCompile>
    <ClCompile Include="..\..\..\..\API\imgui-docking\imgui-docking\imgui.cpp">
      <Filter>IMGUI\ect</Filter>
    </ClCompile>
    <ClCompile Include="..\..\..\..\API\imgui-docking\imgui-docking\imgui_demo.cpp">
      <Filter>IMGUI\ect</Filter>
    </ClCompile>
    <ClCompile Include="..\..\..\..\API\imgui-docking\imgui-docking\imgui_draw.cpp">
      <Filter>IMGUI\ect</Filter>
    </ClCompile>
    <ClCompile Include="..\..\..\..\API\imgui-docking\imgui-docking\imgui_tables.cpp">
      <Filter>IMGUI\ect</Filter>
    </ClCompile>
    <ClCompile Include="..\..\..\..\API\imgui-docking\imgui-docking\imgui_widgets.cpp">
      <Filter>IMGUI\ect</Filter>
    </ClCompile>
    <ClCompile Include="..\..\..\..\API\imgui-docking\imgui-docking\backends\imgui_impl_dx12.cpp">
      <Filter>IMGUI\ect</Filter>
    </ClCompile>
    <ClCompile Include="..\..\..\..\API\imgui-docking\imgui-docking\backends\imgui_impl_win32.cpp">
      <Filter>IMGUI\ect</Filter>
    </ClCompile>
  </ItemGroup>
  <ItemGroup>
    <ClInclude Include="Codes\Common\Camera.h">
      <Filter>Common</Filter>
    </ClInclude>
    <ClInclude Include="Codes\Common\d3dApp.h">
      <Filter>Common</Filter>
    </ClInclude>
    <ClInclude Include="Codes\Common\d3dUtil.h">
      <Filter>Common</Filter>
    </ClInclude>
    <ClInclude Include="Codes\Common\d3dx12.h">
      <Filter>Common</Filter>
    </ClInclude>
    <ClInclude Include="Codes\Common\DDSTextureLoader.h">
      <Filter>Common</Filter>
    </ClInclude>
    <ClInclude Include="Codes\Common\GameTimer.h">
      <Filter>Common</Filter>
    </ClInclude>
    <ClInclude Include="Codes\Common\GeometryGenerator.h">
      <Filter>Common</Filter>
    </ClInclude>
    <ClInclude Include="Codes\Common\MathHelper.h">
      <Filter>Common</Filter>
    </ClInclude>
    <ClInclude Include="Codes\Common\UploadBuffer.h">
      <Filter>Common</Filter>
    </ClInclude>
    <ClInclude Include="Codes\Structs\IndirectDrawStructs.h">
      <Filter>Header Files</Filter>
    </ClInclude>
    <ClInclude Include="Codes\Structs\constantStruct.h">
      <Filter>Struct</Filter>
    </ClInclude>
    <ClInclude Include="Codes\Structs\modelStruct.h">
      <Filter>Struct</Filter>
    </ClInclude>
    <ClInclude Include="Codes\Structs\AppStruct.h">
      <Filter>Struct</Filter>
    </ClInclude>
    <ClInclude Include="Codes\ECS\ComponentStruct.h">
      <Filter>ECS</Filter>
    </ClInclude>
    <ClInclude Include="Codes\ECS\Entity.h">
      <Filter>ECS</Filter>
    </ClInclude>
    <ClInclude Include="Codes\ECS\Registry.h">
      <Filter>ECS</Filter>
    </ClInclude>
    <ClInclude Include="Codes\Managers\ImGuiManager.h">
      <Filter>Managers</Filter>
    </ClInclude>
    <ClInclude Include="Codes\Managers\SceneViewport.h">
      <Filter>Managers</Filter>
    </ClInclude>
    <ClInclude Include="Codes\Managers\MeshManager.h">
      <Filter>Managers</Filter>
    </ClInclude>
    <ClInclude Include="Codes\Managers\PipelineStateManager.h">
      <Filter>Managers</Filter>
    </ClInclude>
    <ClInclude Include="Codes\Managers\RootSignatureManager.h">
      <Filter>Managers</Filter>
    </ClInclude>
    <ClInclude Include="Codes\Managers\MaterialManager.h">
      <Filter>Managers</Filter>
    </ClInclude>
    <ClInclude Include="Codes\Memory\DescriptorAllocator.h">
      <Filter>Memory</Filter>
    </ClInclude>
    <ClInclude Include="Codes\File_IO\ResourceLoader.h">
      <Filter>FileIO</Filter>
    </ClInclude>
    <ClInclude Include="Codes\File_IO\SceneSerializer.h">
      <Filter>FileIO</Filter>
    </ClInclude>
    <ClInclude Include="Codes\Managers\ShaderManager.h">
      <Filter>Managers</Filter>
    </ClInclude>
    <ClInclude Include="Codes\ECS\Component.h">
      <Filter>ECS</Filter>
    </ClInclude>
    <ClInclude Include="Codes\ECS\Archetype.h">
      <Filter>ECS</Filter>
    </ClInclude>
    <ClInclude Include="Codes\ECS\ArchetypeManager.h">
      <Filter>ECS</Filter>
    </ClInclude>
    <ClInclude Include="Codes\ECS\World.h">
      <Filter>ECS</Filter>
    </ClInclude>
    <ClInclude Include="Codes\Systems\RenderSystem.h">
      <Filter>Systems</Filter>
    </ClInclude>
    <ClInclude Include="Codes\Systems\BoundsSystem.h">
      <Filter>Systems</Filter>
    </ClInclude>
    <ClInclude Include="Codes\Systems\GravitySystem.h">
      <Filter>Systems</Filter>
    </ClInclude>
    <ClInclude Include="Codes\Systems\CollisionSystem.h">
      <Filter>Systems</Filter>
    </ClInclude>
    <ClInclude Include="Codes\Engine\Engine.h">
      <Filter>Engine</Filter>
    </ClInclude>
    <ClInclude Include="Codes\Managers\ResourceManager.h">
      <Filter>Managers</Filter>
    </ClInclude>
    <ClInclude Include="..\..\..\..\API\imgui-docking\imgui-docking\imgui.h">
      <Filter>IMGUI\ect</Filter>
    </ClInclude>
    <ClInclude Include="..\..\..\..\API\imgui-docking\imgui-docking\imgui_internal.h">
      <Filter>IMGUI\ect</Filter>
    </ClInclude>
    <ClInclude Include="..\..\..\..\API\imgui-docking\imgui-docking\imstb_rectpack.h">
      <Filter>IMGUI\ect</Filter>
    </ClInclude>
    <ClInclude Include="..\..\..\..\API\imgui-docking\imgui-docking\imstb_textedit.h">
      <Filter>IMGUI\ect</Filter>
    </ClInclude>
    <ClInclude Include="..\..\..\..\API\imgui-docking\imgui-docking\imstb_truetype.h">
      <Filter>IMGUI\ect</Filter>
    </ClInclude>
    <ClInclude Include="..\..\..\..\API\imgui-docking\imgui-docking\backends\imgui_impl_dx12.h">
      <Filter>IMGUI\ect</Filter>
    </ClInclude>
  </ItemGroup>
  <ItemGroup>
    <FxCompile Include="Resources\Shaders\color.hlsl">
      <Filter>Shaders</Filter>
    </FxCompile>
    <FxCompile Include="Resources\Shaders\texture.hlsl">
      <Filter>Shaders</Filter>
    </FxCompile>
    <FxCompile Include="Resources\Shaders\object.hlsl">
      <Filter>Shaders</Filter>
    </FxCompile>
    <FxCompile Include="Resources\Shaders\instancing.hlsl">
      <Filter>Shaders</Filter>
    </FxCompile>
    <FxCompile Include="Resources\Shaders\object_cb.hlsl" />
  </ItemGroup>
</Project>