<?xml version="1.0" encoding="utf-8"?>
<Project ToolsVersion="4.0" xmlns="http://schemas.microsoft.com/developer/msbuild/2003">
  <ItemGroup>
    <Filter Include="Source Files">
      <UniqueIdentifier>{4FC737F1-C7A5-4376-A066-2A32D752A2FF}</UniqueIdentifier>
      <Extensions>cpp;c;cc;cxx;def;odl;idl;hpj;bat;asm;asmx</Extensions>
    </Filter>
    <Filter Include="Header Files">
      <UniqueIdentifier>{93995380-89BD-4b04-88EB-625FBE52EBFB}</UniqueIdentifier>
      <Extensions>h;hh;hpp;hxx;hm;inl;inc;xsd</Extensions>
    </Filter>
    <Filter Include="Resource Files">
      <UniqueIdentifier>{67DA6AB6-F800-4c08-8B7A-83BB121AAD01}</UniqueIdentifier>
      <Extensions>rc;ico;cur;bmp;dlg;rc2;rct;bin;rgs;gif;jpg;jpeg;jpe;resx;tiff;tif;png;wav;mfcribbon-ms</Extensions>
    </Filter>
    <Filter Include="Shaders">
      <UniqueIdentifier>{5064f50b-4999-44af-bf58-1f151088d2e8}</UniqueIdentifier>
    </Filter>
    <Filter Include="Common">
      <UniqueIdentifier>{fca99640-0bd6-452e-a953-ca07361fbb3a}</UniqueIdentifier>
    </Filter>
    <Filter Include="V1_">
      <UniqueIdentifier>{a9bdc5cd-baa7-4367-9e4e-54df60bf9329}</UniqueIdentifier>
    </Filter>
    <Filter Include="V1_\V2">
      <UniqueIdentifier>{c1760f81-1a0b-4a0b-97d2-57010e72cf6a}</UniqueIdentifier>
    </Filter>
    <Filter Include="V1_\V3">
      <UniqueIdentifier>{5c7158cc-1834-4565-a1f6-b802002afe55}</UniqueIdentifier>
    </Filter>
    <Filter Include="V1_\V4">
      <UniqueIdentifier>{54cbb866-b670-441d-a8b1-3e37b40ed261}</UniqueIdentifier>
    </Filter>
  </ItemGroup>
  <ItemGroup>
    <None Include="packages.config" />
  </ItemGroup>
  <ItemGroup>
    <ClCompile Include="InitDirect3DApp.cpp">
      <Filter>Source Files</Filter>
    </ClCompile>
    <ClCompile Include="Codes\Common\Camera.cpp">
      <Filter>Common</Filter>
    </ClCompile>
    <ClCompile Include="Codes\Common\d3dApp.cpp">
      <Filter>Common</Filter>
    </ClCompile>
    <ClCompile Include="Codes\Common\d3dUtil.cpp">
      <Filter>Common</Filter>
    </ClCompile>
    <ClCompile Include="Codes\Common\DDSTextureLoader.cpp">
      <Filter>Common</Filter>
    </ClCompile>
    <ClCompile Include="Codes\Common\GameTimer.cpp">
      <Filter>Common</Filter>
    </ClCompile>
    <ClCompile Include="Codes\Common\GeometryGenerator.cpp">
      <Filter>Common</Filter>
    </ClCompile>
    <ClCompile Include="Codes\Common\MathHelper.cpp">
      <Filter>Common</Filter>
    </ClCompile>
    <ClCompile Include="Codes\V1_\V2\Cube.cpp">
      <Filter>V1_\V2</Filter>
    </ClCompile>
    <ClCompile Include="Codes\V1_\V2\ResourceLoader.cpp">
      <Filter>V1_\V2</Filter>
    </ClCompile>
    <ClCompile Include="Codes\V1_\V3\MeshManager.cpp">
      <Filter>V1_\V3</Filter>
    </ClCompile>
    <ClCompile Include="Codes\V1_\V4\MatarialManager.cpp">
      <Filter>V1_\V4</Filter>
    </ClCompile>
    <ClCompile Include="Codes\V1_\V4\DescriptorAllocator.cpp">
      <Filter>V1_\V4</Filter>
    </ClCompile>
  </ItemGroup>
  <ItemGroup>
    <ClInclude Include="Codes\Common\Camera.h">
      <Filter>Common</Filter>
    </ClInclude>
    <ClInclude Include="Codes\Common\d3dApp.h">
      <Filter>Common</Filter>
    </ClInclude>
    <ClInclude Include="Codes\Common\d3dUtil.h">
      <Filter>Common</Filter>
    </ClInclude>
    <ClInclude Include="Codes\Common\d3dx12.h">
      <Filter>Common</Filter>
    </ClInclude>
    <ClInclude Include="Codes\Common\DDSTextureLoader.h">
      <Filter>Common</Filter>
    </ClInclude>
    <ClInclude Include="Codes\Common\GameTimer.h">
      <Filter>Common</Filter>
    </ClInclude>
    <ClInclude Include="Codes\Common\GeometryGenerator.h">
      <Filter>Common</Filter>
    </ClInclude>
    <ClInclude Include="Codes\Common\MathHelper.h">
      <Filter>Common</Filter>
    </ClInclude>
    <ClInclude Include="Codes\Common\UploadBuffer.h">
      <Filter>Common</Filter>
    </ClInclude>
    <ClInclude Include="Codes\Structs\constantStruct.h">
      <Filter>Header Files</Filter>
    </ClInclude>
    <ClInclude Include="Codes\Structs\modelStruct.h">
      <Filter>Header Files</Filter>
    </ClInclude>
    <ClInclude Include="Codes\V1_\V2\Cube.h">
      <Filter>V1_\V2</Filter>
    </ClInclude>
    <ClInclude Include="Codes\V1_\V2\ResourceLoader.h">
      <Filter>V1_\V2</Filter>
    </ClInclude>
    <ClInclude Include="Codes\V1_\V3\MeshManager.h">
      <Filter>V1_\V3</Filter>
    </ClInclude>
    <ClInclude Include="Codes\Structs\AppStruct.h">
      <Filter>Header Files</Filter>
    </ClInclude>
    <ClInclude Include="Codes\V1_\V4\MatarialManager.h">
      <Filter>V1_\V4</Filter>
    </ClInclude>
    <ClInclude Include="Codes\V1_\V4\DescriptorAllocator.h">
      <Filter>V1_\V4</Filter>
    </ClInclude>
  </ItemGroup>
  <ItemGroup>
    <FxCompile Include="Resources\Shaders\color.hlsl">
      <Filter>Shaders</Filter>
    </FxCompile>
    <FxCompile Include="Resources\Shaders\texture.hlsl">
      <Filter>Shaders</Filter>
    </FxCompile>
    <FxCompile Include="Resources\Shaders\object.hlsl">
      <Filter>Shaders</Filter>
    </FxCompile>
  </ItemGroup>
</Project>